
Microsoft Visual Studio Solution File, Format Version 12.00
# Visual Studio Version 17
VisualStudioVersion = 17.3.32901.215
MinimumVisualStudioVersion = 10.0.40219.1
Project("{9A19103F-16F7-4668-BE54-9A1E7A4F7556}") = "MVC_Currency", "MVC_Currency.csproj", "{09044976-977D-48A8-9A69-A32698D0D0C6}"
EndProject
Project("{FAE04EC0-301F-11D3-BF4B-00C04F79EFBC}") = "MVC_CurrencyUnitTests", "..\MVC_CurrencyUnitTests\MVC_CurrencyUnitTests.csproj", "{422264EF-C780-4AA8-B713-0AB5292B93F4}"
EndProject
Global
	GlobalSection(SolutionConfigurationPlatforms) = preSolution
		Debug|Any CPU = Debug|Any CPU
		Release|Any CPU = Release|Any CPU
	EndGlobalSection
	GlobalSection(ProjectConfigurationPlatforms) = postSolution
		{09044976-977D-48A8-9A69-A32698D0D0C6}.Debug|Any CPU.ActiveCfg = Debug|Any CPU
		{09044976-977D-48A8-9A69-A32698D0D0C6}.Debug|Any CPU.Build.0 = Debug|Any CPU
		{09044976-977D-48A8-9A69-A32698D0D0C6}.Release|Any CPU.ActiveCfg = Release|Any CPU
		{09044976-977D-48A8-9A69-A32698D0D0C6}.Release|Any CPU.Build.0 = Release|Any CPU
		{422264EF-C780-4AA8-B713-0AB5292B93F4}.Debug|Any CPU.ActiveCfg = Debug|Any CPU
		{422264EF-C780-4AA8-B713-0AB5292B93F4}.Debug|Any CPU.Build.0 = Debug|Any CPU
		{422264EF-C780-4AA8-B713-0AB5292B93F4}.Release|Any CPU.ActiveCfg = Release|Any CPU
		{422264EF-C780-4AA8-B713-0AB5292B93F4}.Release|Any CPU.Build.0 = Release|Any CPU
	EndGlobalSection
	GlobalSection(SolutionProperties) = preSolution
		HideSolutionNode = FALSE
	EndGlobalSection
	GlobalSection(ExtensibilityGlobals) = postSolution
		SolutionGuid = {13457D51-26F1-4890-B557-A34433A1B387}
	EndGlobalSection
EndGlobal
