
Microsoft Visual Studio Solution File, Format Version 12.00
# Visual Studio Version 17
VisualStudioVersion = 17.3.32901.215
MinimumVisualStudioVersion = 10.0.40219.1
Project("{FAE04EC0-301F-11D3-BF4B-00C04F79EFBC}") = "Sprint5HW", "Sprint5HW.csproj", "{CFDA0D42-F254-45CC-964A-373D822ED277}"
EndProject
Global
	GlobalSection(SolutionConfigurationPlatforms) = preSolution
		Debug|Any CPU = Debug|Any CPU
		Release|Any CPU = Release|Any CPU
	EndGlobalSection
	GlobalSection(ProjectConfigurationPlatforms) = postSolution
		{CFDA0D42-F254-45CC-964A-373D822ED277}.Debug|Any CPU.ActiveCfg = Debug|Any CPU
		{CFDA0D42-F254-45CC-964A-373D822ED277}.Debug|Any CPU.Build.0 = Debug|Any CPU
		{CFDA0D42-F254-45CC-964A-373D822ED277}.Release|Any CPU.ActiveCfg = Release|Any CPU
		{CFDA0D42-F254-45CC-964A-373D822ED277}.Release|Any CPU.Build.0 = Release|Any CPU
	EndGlobalSection
	GlobalSection(SolutionProperties) = preSolution
		HideSolutionNode = FALSE
	EndGlobalSection
	GlobalSection(ExtensibilityGlobals) = postSolution
		SolutionGuid = {5B3F7823-13B4-4F61-A8D0-6A6FE881076E}
	EndGlobalSection
EndGlobal
